// !$*UTF8*$!
{
	archiveVersion = 1;
	classes = {
	};
	objectVersion = 77;
	objects = {

/* Begin PBXBuildFile section */
		86962C241B920A1A2305734D /* Pods_AroundEgypt_AroundEgyptUITests.framework in Frameworks */ = {isa = PBXBuildFile; fileRef = 1E2F58FA62149F98BAE3ADDF /* Pods_AroundEgypt_AroundEgyptUITests.framework */; };
		B51FE2A6FFE1795E69D9B7D4 /* Pods_AroundEgypt.framework in Frameworks */ = {isa = PBXBuildFile; fileRef = C1EA407B34C5F861DDF719FB /* Pods_AroundEgypt.framework */; };
		FC7EBC70635EDD39FA693718 /* Pods_AroundEgyptTests.framework in Frameworks */ = {isa = PBXBuildFile; fileRef = 707B0276A7FFAF0B98BED95A /* Pods_AroundEgyptTests.framework */; };
/* End PBXBuildFile section */

/* Begin PBXContainerItemProxy section */
		8A3110DD2E8EA6870040EE50 /* PBXContainerItemProxy */ = {
			isa = PBXContainerItemProxy;
			containerPortal = 8A3110C42E8EA6850040EE50 /* Project object */;
			proxyType = 1;
			remoteGlobalIDString = 8A3110CB2E8EA6850040EE50;
			remoteInfo = AroundEgypt;
		};
		8A3110E72E8EA6870040EE50 /* PBXContainerItemProxy */ = {
			isa = PBXContainerItemProxy;
			containerPortal = 8A3110C42E8EA6850040EE50 /* Project object */;
			proxyType = 1;
			remoteGlobalIDString = 8A3110CB2E8EA6850040EE50;
			remoteInfo = AroundEgypt;
		};
/* End PBXContainerItemProxy section */

/* Begin PBXFileReference section */
		1E2F58FA62149F98BAE3ADDF /* Pods_AroundEgypt_AroundEgyptUITests.framework */ = {isa = PBXFileReference; explicitFileType = wrapper.framework; includeInIndex = 0; path = Pods_AroundEgypt_AroundEgyptUITests.framework; sourceTree = BUILT_PRODUCTS_DIR; };
		679BCF9D1DBA69F1B751E8C0 /* Pods-AroundEgypt-AroundEgyptUITests.debug.xcconfig */ = {isa = PBXFileReference; includeInIndex = 1; lastKnownFileType = text.xcconfig; name = "Pods-AroundEgypt-AroundEgyptUITests.debug.xcconfig"; path = "Target Support Files/Pods-AroundEgypt-AroundEgyptUITests/Pods-AroundEgypt-AroundEgyptUITests.debug.xcconfig"; sourceTree = "<group>"; };
		707B0276A7FFAF0B98BED95A /* Pods_AroundEgyptTests.framework */ = {isa = PBXFileReference; explicitFileType = wrapper.framework; includeInIndex = 0; path = Pods_AroundEgyptTests.framework; sourceTree = BUILT_PRODUCTS_DIR; };
		7785FB626DED4B49CD271D25 /* Pods-AroundEgypt.release.xcconfig */ = {isa = PBXFileReference; includeInIndex = 1; lastKnownFileType = text.xcconfig; name = "Pods-AroundEgypt.release.xcconfig"; path = "Target Support Files/Pods-AroundEgypt/Pods-AroundEgypt.release.xcconfig"; sourceTree = "<group>"; };
		8A3110CC2E8EA6850040EE50 /* AroundEgypt.app */ = {isa = PBXFileReference; explicitFileType = wrapper.application; includeInIndex = 0; path = AroundEgypt.app; sourceTree = BUILT_PRODUCTS_DIR; };
		8A3110DC2E8EA6870040EE50 /* AroundEgyptTests.xctest */ = {isa = PBXFileReference; explicitFileType = wrapper.cfbundle; includeInIndex = 0; path = AroundEgyptTests.xctest; sourceTree = BUILT_PRODUCTS_DIR; };
		8A3110E62E8EA6870040EE50 /* AroundEgyptUITests.xctest */ = {isa = PBXFileReference; explicitFileType = wrapper.cfbundle; includeInIndex = 0; path = AroundEgyptUITests.xctest; sourceTree = BUILT_PRODUCTS_DIR; };
		8E0F9227C3EE68F3B6C1F30B /* Pods-AroundEgypt-AroundEgyptUITests.release.xcconfig */ = {isa = PBXFileReference; includeInIndex = 1; lastKnownFileType = text.xcconfig; name = "Pods-AroundEgypt-AroundEgyptUITests.release.xcconfig"; path = "Target Support Files/Pods-AroundEgypt-AroundEgyptUITests/Pods-AroundEgypt-AroundEgyptUITests.release.xcconfig"; sourceTree = "<group>"; };
		A4E2B053A52A755835480123 /* Pods-AroundEgyptTests.debug.xcconfig */ = {isa = PBXFileReference; includeInIndex = 1; lastKnownFileType = text.xcconfig; name = "Pods-AroundEgyptTests.debug.xcconfig"; path = "Target Support Files/Pods-AroundEgyptTests/Pods-AroundEgyptTests.debug.xcconfig"; sourceTree = "<group>"; };
		C1EA407B34C5F861DDF719FB /* Pods_AroundEgypt.framework */ = {isa = PBXFileReference; explicitFileType = wrapper.framework; includeInIndex = 0; path = Pods_AroundEgypt.framework; sourceTree = BUILT_PRODUCTS_DIR; };
		CD1CB325A26F841FE07908F4 /* Pods-AroundEgyptTests.release.xcconfig */ = {isa = PBXFileReference; includeInIndex = 1; lastKnownFileType = text.xcconfig; name = "Pods-AroundEgyptTests.release.xcconfig"; path = "Target Support Files/Pods-AroundEgyptTests/Pods-AroundEgyptTests.release.xcconfig"; sourceTree = "<group>"; };
		D5695E391EB0F1BCE4B7B31A /* Pods-AroundEgypt.debug.xcconfig */ = {isa = PBXFileReference; includeInIndex = 1; lastKnownFileType = text.xcconfig; name = "Pods-AroundEgypt.debug.xcconfig"; path = "Target Support Files/Pods-AroundEgypt/Pods-AroundEgypt.debug.xcconfig"; sourceTree = "<group>"; };
/* End PBXFileReference section */

/* Begin PBXFileSystemSynchronizedBuildFileExceptionSet section */
		8A3111222E8EAA950040EE50 /* Exceptions for "AroundEgypt" folder in "AroundEgypt" target */ = {
			isa = PBXFileSystemSynchronizedBuildFileExceptionSet;
			membershipExceptions = (
				Info.plist,
			);
			target = 8A3110CB2E8EA6850040EE50 /* AroundEgypt */;
		};
/* End PBXFileSystemSynchronizedBuildFileExceptionSet section */

/* Begin PBXFileSystemSynchronizedRootGroup section */
		8A3110CE2E8EA6850040EE50 /* AroundEgypt */ = {
			isa = PBXFileSystemSynchronizedRootGroup;
			exceptions = (
				8A3111222E8EAA950040EE50 /* Exceptions for "AroundEgypt" folder in "AroundEgypt" target */,
			);
			path = AroundEgypt;
			sourceTree = "<group>";
		};
		8A3110DF2E8EA6870040EE50 /* AroundEgyptTests */ = {
			isa = PBXFileSystemSynchronizedRootGroup;
			path = AroundEgyptTests;
			sourceTree = "<group>";
		};
		8A3110E92E8EA6870040EE50 /* AroundEgyptUITests */ = {
			isa = PBXFileSystemSynchronizedRootGroup;
			path = AroundEgyptUITests;
			sourceTree = "<group>";
		};
/* End PBXFileSystemSynchronizedRootGroup section */

/* Begin PBXFrameworksBuildPhase section */
		8A3110C92E8EA6850040EE50 /* Frameworks */ = {
			isa = PBXFrameworksBuildPhase;
			buildActionMask = 2147483647;
			files = (
				B51FE2A6FFE1795E69D9B7D4 /* Pods_AroundEgypt.framework in Frameworks */,
			);
			runOnlyForDeploymentPostprocessing = 0;
		};
		8A3110D92E8EA6870040EE50 /* Frameworks */ = {
			isa = PBXFrameworksBuildPhase;
			buildActionMask = 2147483647;
			files = (
				FC7EBC70635EDD39FA693718 /* Pods_AroundEgyptTests.framework in Frameworks */,
			);
			runOnlyForDeploymentPostprocessing = 0;
		};
		8A3110E32E8EA6870040EE50 /* Frameworks */ = {
			isa = PBXFrameworksBuildPhase;
			buildActionMask = 2147483647;
			files = (
				86962C241B920A1A2305734D /* Pods_AroundEgypt_AroundEgyptUITests.framework in Frameworks */,
			);
			runOnlyForDeploymentPostprocessing = 0;
		};
/* End PBXFrameworksBuildPhase section */

/* Begin PBXGroup section */
		003BF5BC151552BDBA7DF2DD /* Frameworks */ = {
			isa = PBXGroup;
			children = (
				C1EA407B34C5F861DDF719FB /* Pods_AroundEgypt.framework */,
				1E2F58FA62149F98BAE3ADDF /* Pods_AroundEgypt_AroundEgyptUITests.framework */,
				707B0276A7FFAF0B98BED95A /* Pods_AroundEgyptTests.framework */,
			);
			name = Frameworks;
			sourceTree = "<group>";
		};
		8A3110C32E8EA6850040EE50 = {
			isa = PBXGroup;
			children = (
				8A3110CE2E8EA6850040EE50 /* AroundEgypt */,
				8A3110DF2E8EA6870040EE50 /* AroundEgyptTests */,
				8A3110E92E8EA6870040EE50 /* AroundEgyptUITests */,
				8A3110CD2E8EA6850040EE50 /* Products */,
				8D35656F45A5F64736AE36B0 /* Pods */,
				003BF5BC151552BDBA7DF2DD /* Frameworks */,
			);
			sourceTree = "<group>";
		};
		8A3110CD2E8EA6850040EE50 /* Products */ = {
			isa = PBXGroup;
			children = (
				8A3110CC2E8EA6850040EE50 /* AroundEgypt.app */,
				8A3110DC2E8EA6870040EE50 /* AroundEgyptTests.xctest */,
				8A3110E62E8EA6870040EE50 /* AroundEgyptUITests.xctest */,
			);
			name = Products;
			sourceTree = "<group>";
		};
		8D35656F45A5F64736AE36B0 /* Pods */ = {
			isa = PBXGroup;
			children = (
				D5695E391EB0F1BCE4B7B31A /* Pods-AroundEgypt.debug.xcconfig */,
				7785FB626DED4B49CD271D25 /* Pods-AroundEgypt.release.xcconfig */,
				679BCF9D1DBA69F1B751E8C0 /* Pods-AroundEgypt-AroundEgyptUITests.debug.xcconfig */,
				8E0F9227C3EE68F3B6C1F30B /* Pods-AroundEgypt-AroundEgyptUITests.release.xcconfig */,
				A4E2B053A52A755835480123 /* Pods-AroundEgyptTests.debug.xcconfig */,
				CD1CB325A26F841FE07908F4 /* Pods-AroundEgyptTests.release.xcconfig */,
			);
			path = Pods;
			sourceTree = "<group>";
		};
/* End PBXGroup section */

/* Begin PBXNativeTarget section */
		8A3110CB2E8EA6850040EE50 /* AroundEgypt */ = {
			isa = PBXNativeTarget;
			buildConfigurationList = 8A3110F02E8EA6870040EE50 /* Build configuration list for PBXNativeTarget "AroundEgypt" */;
			buildPhases = (
				B7610500485E6B0AA8B59E88 /* [CP] Check Pods Manifest.lock */,
				8A3110C82E8EA6850040EE50 /* Sources */,
				8A3110C92E8EA6850040EE50 /* Frameworks */,
				8A3110CA2E8EA6850040EE50 /* Resources */,
				2ABB632D912972C255CDC913 /* [CP] Embed Pods Frameworks */,
			);
			buildRules = (
			);
			dependencies = (
			);
			fileSystemSynchronizedGroups = (
				8A3110CE2E8EA6850040EE50 /* AroundEgypt */,
			);
			name = AroundEgypt;
			productName = AroundEgypt;
			productReference = 8A3110CC2E8EA6850040EE50 /* AroundEgypt.app */;
			productType = "com.apple.product-type.application";
		};
		8A3110DB2E8EA6870040EE50 /* AroundEgyptTests */ = {
			isa = PBXNativeTarget;
			buildConfigurationList = 8A3110F32E8EA6870040EE50 /* Build configuration list for PBXNativeTarget "AroundEgyptTests" */;
			buildPhases = (
				DC241BD014375A31D94A41FF /* [CP] Check Pods Manifest.lock */,
				8A3110D82E8EA6870040EE50 /* Sources */,
				8A3110D92E8EA6870040EE50 /* Frameworks */,
				8A3110DA2E8EA6870040EE50 /* Resources */,
			);
			buildRules = (
			);
			dependencies = (
				8A3110DE2E8EA6870040EE50 /* PBXTargetDependency */,
			);
			fileSystemSynchronizedGroups = (
				8A3110DF2E8EA6870040EE50 /* AroundEgyptTests */,
			);
			name = AroundEgyptTests;
			productName = AroundEgyptTests;
			productReference = 8A3110DC2E8EA6870040EE50 /* AroundEgyptTests.xctest */;
			productType = "com.apple.product-type.bundle.unit-test";
		};
		8A3110E52E8EA6870040EE50 /* AroundEgyptUITests */ = {
			isa = PBXNativeTarget;
			buildConfigurationList = 8A3110F62E8EA6870040EE50 /* Build configuration list for PBXNativeTarget "AroundEgyptUITests" */;
			buildPhases = (
				64F3936DC2E7DB3EB6A580A4 /* [CP] Check Pods Manifest.lock */,
				8A3110E22E8EA6870040EE50 /* Sources */,
				8A3110E32E8EA6870040EE50 /* Frameworks */,
				8A3110E42E8EA6870040EE50 /* Resources */,
				6C93B3F8A10A61481F035198 /* [CP] Embed Pods Frameworks */,
			);
			buildRules = (
			);
			dependencies = (
				8A3110E82E8EA6870040EE50 /* PBXTargetDependency */,
			);
			fileSystemSynchronizedGroups = (
				8A3110E92E8EA6870040EE50 /* AroundEgyptUITests */,
			);
			name = AroundEgyptUITests;
			productName = AroundEgyptUITests;
			productReference = 8A3110E62E8EA6870040EE50 /* AroundEgyptUITests.xctest */;
			productType = "com.apple.product-type.bundle.ui-testing";
		};
/* End PBXNativeTarget section */

/* Begin PBXProject section */
		8A3110C42E8EA6850040EE50 /* Project object */ = {
			isa = PBXProject;
			attributes = {
				BuildIndependentTargetsInParallel = 1;
				LastSwiftUpdateCheck = 1610;
				LastUpgradeCheck = 1610;
				TargetAttributes = {
					8A3110CB2E8EA6850040EE50 = {
						CreatedOnToolsVersion = 16.1;
					};
					8A3110DB2E8EA6870040EE50 = {
						CreatedOnToolsVersion = 16.1;
						TestTargetID = 8A3110CB2E8EA6850040EE50;
					};
					8A3110E52E8EA6870040EE50 = {
						CreatedOnToolsVersion = 16.1;
						TestTargetID = 8A3110CB2E8EA6850040EE50;
					};
				};
			};
			buildConfigurationList = 8A3110C72E8EA6850040EE50 /* Build configuration list for PBXProject "AroundEgypt" */;
			developmentRegion = en;
			hasScannedForEncodings = 0;
			knownRegions = (
				en,
				Base,
			);
			mainGroup = 8A3110C32E8EA6850040EE50;
			minimizedProjectReferenceProxies = 1;
			preferredProjectObjectVersion = 77;
			productRefGroup = 8A3110CD2E8EA6850040EE50 /* Products */;
			projectDirPath = "";
			projectRoot = "";
			targets = (
				8A3110CB2E8EA6850040EE50 /* AroundEgypt */,
				8A3110DB2E8EA6870040EE50 /* AroundEgyptTests */,
				8A3110E52E8EA6870040EE50 /* AroundEgyptUITests */,
			);
		};
/* End PBXProject section */

/* Begin PBXResourcesBuildPhase section */
		8A3110CA2E8EA6850040EE50 /* Resources */ = {
			isa = PBXResourcesBuildPhase;
			buildActionMask = 2147483647;
			files = (
			);
			runOnlyForDeploymentPostprocessing = 0;
		};
		8A3110DA2E8EA6870040EE50 /* Resources */ = {
			isa = PBXResourcesBuildPhase;
			buildActionMask = 2147483647;
			files = (
			);
			runOnlyForDeploymentPostprocessing = 0;
		};
		8A3110E42E8EA6870040EE50 /* Resources */ = {
			isa = PBXResourcesBuildPhase;
			buildActionMask = 2147483647;
			files = (
			);
			runOnlyForDeploymentPostprocessing = 0;
		};
/* End PBXResourcesBuildPhase section */

/* Begin PBXShellScriptBuildPhase section */
		2ABB632D912972C255CDC913 /* [CP] Embed Pods Frameworks */ = {
			isa = PBXShellScriptBuildPhase;
			buildActionMask = 2147483647;
			files = (
			);
			inputFileListPaths = (
				"${PODS_ROOT}/Target Support Files/Pods-AroundEgypt/Pods-AroundEgypt-frameworks-${CONFIGURATION}-input-files.xcfilelist",
			);
			name = "[CP] Embed Pods Frameworks";
			outputFileListPaths = (
				"${PODS_ROOT}/Target Support Files/Pods-AroundEgypt/Pods-AroundEgypt-frameworks-${CONFIGURATION}-output-files.xcfilelist",
			);
			runOnlyForDeploymentPostprocessing = 0;
			shellPath = /bin/sh;
			shellScript = "\"${PODS_ROOT}/Target Support Files/Pods-AroundEgypt/Pods-AroundEgypt-frameworks.sh\"\n";
			showEnvVarsInLog = 0;
		};
		64F3936DC2E7DB3EB6A580A4 /* [CP] Check Pods Manifest.lock */ = {
			isa = PBXShellScriptBuildPhase;
			buildActionMask = 2147483647;
			files = (
			);
			inputFileListPaths = (
			);
			inputPaths = (
				"${PODS_PODFILE_DIR_PATH}/Podfile.lock",
				"${PODS_ROOT}/Manifest.lock",
			);
			name = "[CP] Check Pods Manifest.lock";
			outputFileListPaths = (
			);
			outputPaths = (
				"$(DERIVED_FILE_DIR)/Pods-AroundEgypt-AroundEgyptUITests-checkManifestLockResult.txt",
			);
			runOnlyForDeploymentPostprocessing = 0;
			shellPath = /bin/sh;
			shellScript = "diff \"${PODS_PODFILE_DIR_PATH}/Podfile.lock\" \"${PODS_ROOT}/Manifest.lock\" > /dev/null\nif [ $? != 0 ] ; then\n    # print error to STDERR\n    echo \"error: The sandbox is not in sync with the Podfile.lock. Run 'pod install' or update your CocoaPods installation.\" >&2\n    exit 1\nfi\n# This output is used by Xcode 'outputs' to avoid re-running this script phase.\necho \"SUCCESS\" > \"${SCRIPT_OUTPUT_FILE_0}\"\n";
			showEnvVarsInLog = 0;
		};
		6C93B3F8A10A61481F035198 /* [CP] Embed Pods Frameworks */ = {
			isa = PBXShellScriptBuildPhase;
			buildActionMask = 2147483647;
			files = (
			);
			inputFileListPaths = (
				"${PODS_ROOT}/Target Support Files/Pods-AroundEgypt-AroundEgyptUITests/Pods-AroundEgypt-AroundEgyptUITests-frameworks-${CONFIGURATION}-input-files.xcfilelist",
			);
			name = "[CP] Embed Pods Frameworks";
			outputFileListPaths = (
				"${PODS_ROOT}/Target Support Files/Pods-AroundEgypt-AroundEgyptUITests/Pods-AroundEgypt-AroundEgyptUITests-frameworks-${CONFIGURATION}-output-files.xcfilelist",
			);
			runOnlyForDeploymentPostprocessing = 0;
			shellPath = /bin/sh;
			shellScript = "\"${PODS_ROOT}/Target Support Files/Pods-AroundEgypt-AroundEgyptUITests/Pods-AroundEgypt-AroundEgyptUITests-frameworks.sh\"\n";
			showEnvVarsInLog = 0;
		};
		B7610500485E6B0AA8B59E88 /* [CP] Check Pods Manifest.lock */ = {
			isa = PBXShellScriptBuildPhase;
			buildActionMask = 2147483647;
			files = (
			);
			inputFileListPaths = (
			);
			inputPaths = (
				"${PODS_PODFILE_DIR_PATH}/Podfile.lock",
				"${PODS_ROOT}/Manifest.lock",
			);
			name = "[CP] Check Pods Manifest.lock";
			outputFileListPaths = (
			);
			outputPaths = (
				"$(DERIVED_FILE_DIR)/Pods-AroundEgypt-checkManifestLockResult.txt",
			);
			runOnlyForDeploymentPostprocessing = 0;
			shellPath = /bin/sh;
			shellScript = "diff \"${PODS_PODFILE_DIR_PATH}/Podfile.lock\" \"${PODS_ROOT}/Manifest.lock\" > /dev/null\nif [ $? != 0 ] ; then\n    # print error to STDERR\n    echo \"error: The sandbox is not in sync with the Podfile.lock. Run 'pod install' or update your CocoaPods installation.\" >&2\n    exit 1\nfi\n# This output is used by Xcode 'outputs' to avoid re-running this script phase.\necho \"SUCCESS\" > \"${SCRIPT_OUTPUT_FILE_0}\"\n";
			showEnvVarsInLog = 0;
		};
		DC241BD014375A31D94A41FF /* [CP] Check Pods Manifest.lock */ = {
			isa = PBXShellScriptBuildPhase;
			buildActionMask = 2147483647;
			files = (
			);
			inputFileListPaths = (
			);
			inputPaths = (
				"${PODS_PODFILE_DIR_PATH}/Podfile.lock",
				"${PODS_ROOT}/Manifest.lock",
			);
			name = "[CP] Check Pods Manifest.lock";
			outputFileListPaths = (
			);
			outputPaths = (
				"$(DERIVED_FILE_DIR)/Pods-AroundEgyptTests-checkManifestLockResult.txt",
			);
			runOnlyForDeploymentPostprocessing = 0;
			shellPath = /bin/sh;
			shellScript = "diff \"${PODS_PODFILE_DIR_PATH}/Podfile.lock\" \"${PODS_ROOT}/Manifest.lock\" > /dev/null\nif [ $? != 0 ] ; then\n    # print error to STDERR\n    echo \"error: The sandbox is not in sync with the Podfile.lock. Run 'pod install' or update your CocoaPods installation.\" >&2\n    exit 1\nfi\n# This output is used by Xcode 'outputs' to avoid re-running this script phase.\necho \"SUCCESS\" > \"${SCRIPT_OUTPUT_FILE_0}\"\n";
			showEnvVarsInLog = 0;
		};
/* End PBXShellScriptBuildPhase section */

/* Begin PBXSourcesBuildPhase section */
		8A3110C82E8EA6850040EE50 /* Sources */ = {
			isa = PBXSourcesBuildPhase;
			buildActionMask = 2147483647;
			files = (
			);
			runOnlyForDeploymentPostprocessing = 0;
		};
		8A3110D82E8EA6870040EE50 /* Sources */ = {
			isa = PBXSourcesBuildPhase;
			buildActionMask = 2147483647;
			files = (
			);
			runOnlyForDeploymentPostprocessing = 0;
		};
		8A3110E22E8EA6870040EE50 /* Sources */ = {
			isa = PBXSourcesBuildPhase;
			buildActionMask = 2147483647;
			files = (
			);
			runOnlyForDeploymentPostprocessing = 0;
		};
/* End PBXSourcesBuildPhase section */

/* Begin PBXTargetDependency section */
		8A3110DE2E8EA6870040EE50 /* PBXTargetDependency */ = {
			isa = PBXTargetDependency;
			target = 8A3110CB2E8EA6850040EE50 /* AroundEgypt */;
			targetProxy = 8A3110DD2E8EA6870040EE50 /* PBXContainerItemProxy */;
		};
		8A3110E82E8EA6870040EE50 /* PBXTargetDependency */ = {
			isa = PBXTargetDependency;
			target = 8A3110CB2E8EA6850040EE50 /* AroundEgypt */;
			targetProxy = 8A3110E72E8EA6870040EE50 /* PBXContainerItemProxy */;
		};
/* End PBXTargetDependency section */

/* Begin XCBuildConfiguration section */
		8A3110EE2E8EA6870040EE50 /* Debug */ = {
			isa = XCBuildConfiguration;
			buildSettings = {
				ALWAYS_SEARCH_USER_PATHS = NO;
				ASSETCATALOG_COMPILER_GENERATE_SWIFT_ASSET_SYMBOL_EXTENSIONS = YES;
				CLANG_ANALYZER_NONNULL = YES;
				CLANG_ANALYZER_NUMBER_OBJECT_CONVERSION = YES_AGGRESSIVE;
				CLANG_CXX_LANGUAGE_STANDARD = "gnu++20";
				CLANG_ENABLE_MODULES = YES;
				CLANG_ENABLE_OBJC_ARC = YES;
				CLANG_ENABLE_OBJC_WEAK = YES;
				CLANG_WARN_BLOCK_CAPTURE_AUTORELEASING = YES;
				CLANG_WARN_BOOL_CONVERSION = YES;
				CLANG_WARN_COMMA = YES;
				CLANG_WARN_CONSTANT_CONVERSION = YES;
				CLANG_WARN_DEPRECATED_OBJC_IMPLEMENTATIONS = YES;
				CLANG_WARN_DIRECT_OBJC_ISA_USAGE = YES_ERROR;
				CLANG_WARN_DOCUMENTATION_COMMENTS = YES;
				CLANG_WARN_EMPTY_BODY = YES;
				CLANG_WARN_ENUM_CONVERSION = YES;
				CLANG_WARN_INFINITE_RECURSION = YES;
				CLANG_WARN_INT_CONVERSION = YES;
				CLANG_WARN_NON_LITERAL_NULL_CONVERSION = YES;
				CLANG_WARN_OBJC_IMPLICIT_RETAIN_SELF = YES;
				CLANG_WARN_OBJC_LITERAL_CONVERSION = YES;
				CLANG_WARN_OBJC_ROOT_CLASS = YES_ERROR;
				CLANG_WARN_QUOTED_INCLUDE_IN_FRAMEWORK_HEADER = YES;
				CLANG_WARN_RANGE_LOOP_ANALYSIS = YES;
				CLANG_WARN_STRICT_PROTOTYPES = YES;
				CLANG_WARN_SUSPICIOUS_MOVE = YES;
				CLANG_WARN_UNGUARDED_AVAILABILITY = YES_AGGRESSIVE;
				CLANG_WARN_UNREACHABLE_CODE = YES;
				CLANG_WARN__DUPLICATE_METHOD_MATCH = YES;
				COPY_PHASE_STRIP = NO;
				DEBUG_INFORMATION_FORMAT = dwarf;
				ENABLE_STRICT_OBJC_MSGSEND = YES;
				ENABLE_TESTABILITY = YES;
				ENABLE_USER_SCRIPT_SANDBOXING = NO;
				GCC_C_LANGUAGE_STANDARD = gnu17;
				GCC_DYNAMIC_NO_PIC = NO;
				GCC_NO_COMMON_BLOCKS = YES;
				GCC_OPTIMIZATION_LEVEL = 0;
				GCC_PREPROCESSOR_DEFINITIONS = (
					"DEBUG=1",
					"$(inherited)",
				);
				GCC_WARN_64_TO_32_BIT_CONVERSION = YES;
				GCC_WARN_ABOUT_RETURN_TYPE = YES_ERROR;
				GCC_WARN_UNDECLARED_SELECTOR = YES;
				GCC_WARN_UNINITIALIZED_AUTOS = YES_AGGRESSIVE;
				GCC_WARN_UNUSED_FUNCTION = YES;
				GCC_WARN_UNUSED_VARIABLE = YES;
				IPHONEOS_DEPLOYMENT_TARGET = 18.1;
				LOCALIZATION_PREFERS_STRING_CATALOGS = YES;
				MTL_ENABLE_DEBUG_INFO = INCLUDE_SOURCE;
				MTL_FAST_MATH = YES;
				ONLY_ACTIVE_ARCH = YES;
				SDKROOT = iphoneos;
				SWIFT_ACTIVE_COMPILATION_CONDITIONS = "DEBUG $(inherited)";
				SWIFT_OPTIMIZATION_LEVEL = "-Onone";
			};
			name = Debug;
		};
		8A3110EF2E8EA6870040EE50 /* Release */ = {
			isa = XCBuildConfiguration;
			buildSettings = {
				ALWAYS_SEARCH_USER_PATHS = NO;
				ASSETCATALOG_COMPILER_GENERATE_SWIFT_ASSET_SYMBOL_EXTENSIONS = YES;
				CLANG_ANALYZER_NONNULL = YES;
				CLANG_ANALYZER_NUMBER_OBJECT_CONVERSION = YES_AGGRESSIVE;
				CLANG_CXX_LANGUAGE_STANDARD = "gnu++20";
				CLANG_ENABLE_MODULES = YES;
				CLANG_ENABLE_OBJC_ARC = YES;
				CLANG_ENABLE_OBJC_WEAK = YES;
				CLANG_WARN_BLOCK_CAPTURE_AUTORELEASING = YES;
				CLANG_WARN_BOOL_CONVERSION = YES;
				CLANG_WARN_COMMA = YES;
				CLANG_WARN_CONSTANT_CONVERSION = YES;
				CLANG_WARN_DEPRECATED_OBJC_IMPLEMENTATIONS = YES;
				CLANG_WARN_DIRECT_OBJC_ISA_USAGE = YES_ERROR;
				CLANG_WARN_DOCUMENTATION_COMMENTS = YES;
				CLANG_WARN_EMPTY_BODY = YES;
				CLANG_WARN_ENUM_CONVERSION = YES;
				CLANG_WARN_INFINITE_RECURSION = YES;
				CLANG_WARN_INT_CONVERSION = YES;
				CLANG_WARN_NON_LITERAL_NULL_CONVERSION = YES;
				CLANG_WARN_OBJC_IMPLICIT_RETAIN_SELF = YES;
				CLANG_WARN_OBJC_LITERAL_CONVERSION = YES;
				CLANG_WARN_OBJC_ROOT_CLASS = YES_ERROR;
				CLANG_WARN_QUOTED_INCLUDE_IN_FRAMEWORK_HEADER = YES;
				CLANG_WARN_RANGE_LOOP_ANALYSIS = YES;
				CLANG_WARN_STRICT_PROTOTYPES = YES;
				CLANG_WARN_SUSPICIOUS_MOVE = YES;
				CLANG_WARN_UNGUARDED_AVAILABILITY = YES_AGGRESSIVE;
				CLANG_WARN_UNREACHABLE_CODE = YES;
				CLANG_WARN__DUPLICATE_METHOD_MATCH = YES;
				COPY_PHASE_STRIP = NO;
				DEBUG_INFORMATION_FORMAT = "dwarf-with-dsym";
				ENABLE_NS_ASSERTIONS = NO;
				ENABLE_STRICT_OBJC_MSGSEND = YES;
				ENABLE_USER_SCRIPT_SANDBOXING = NO;
				GCC_C_LANGUAGE_STANDARD = gnu17;
				GCC_NO_COMMON_BLOCKS = YES;
				GCC_WARN_64_TO_32_BIT_CONVERSION = YES;
				GCC_WARN_ABOUT_RETURN_TYPE = YES_ERROR;
				GCC_WARN_UNDECLARED_SELECTOR = YES;
				GCC_WARN_UNINITIALIZED_AUTOS = YES_AGGRESSIVE;
				GCC_WARN_UNUSED_FUNCTION = YES;
				GCC_WARN_UNUSED_VARIABLE = YES;
				IPHONEOS_DEPLOYMENT_TARGET = 18.1;
				LOCALIZATION_PREFERS_STRING_CATALOGS = YES;
				MTL_ENABLE_DEBUG_INFO = NO;
				MTL_FAST_MATH = YES;
				SDKROOT = iphoneos;
				SWIFT_COMPILATION_MODE = wholemodule;
				VALIDATE_PRODUCT = YES;
			};
			name = Release;
		};
		8A3110F12E8EA6870040EE50 /* Debug */ = {
			isa = XCBuildConfiguration;
			baseConfigurationReference = D5695E391EB0F1BCE4B7B31A /* Pods-AroundEgypt.debug.xcconfig */;
			buildSettings = {
				ASSETCATALOG_COMPILER_APPICON_NAME = AppIcon;
				ASSETCATALOG_COMPILER_GLOBAL_ACCENT_COLOR_NAME = AccentColor;
				CODE_SIGN_STYLE = Automatic;
				CURRENT_PROJECT_VERSION = 1;
				DEVELOPMENT_ASSET_PATHS = "\"AroundEgypt/Preview Content\"";
				DEVELOPMENT_TEAM = WPBS42K72A;
				ENABLE_PREVIEWS = YES;
				GENERATE_INFOPLIST_FILE = YES;
				INFOPLIST_FILE = AroundEgypt/Info.plist;
				INFOPLIST_KEY_UIApplicationSceneManifest_Generation = YES;
				INFOPLIST_KEY_UIApplicationSupportsIndirectInputEvents = YES;
				INFOPLIST_KEY_UILaunchScreen_Generation = YES;
				INFOPLIST_KEY_UISupportedInterfaceOrientations_iPad = "UIInterfaceOrientationPortrait UIInterfaceOrientationPortraitUpsideDown UIInterfaceOrientationLandscapeLeft UIInterfaceOrientationLandscapeRight";
				INFOPLIST_KEY_UISupportedInterfaceOrientations_iPhone = "UIInterfaceOrientationPortrait UIInterfaceOrientationLandscapeLeft UIInterfaceOrientationLandscapeRight";
				LD_RUNPATH_SEARCH_PATHS = (
					"$(inherited)",
					"@executable_path/Frameworks",
				);
				MARKETING_VERSION = 1.0;
				PRODUCT_BUNDLE_IDENTIFIER = com.app.AroundEgypt;
				PRODUCT_NAME = "$(TARGET_NAME)";
				SWIFT_EMIT_LOC_STRINGS = YES;
				SWIFT_VERSION = 5.0;
				TARGETED_DEVICE_FAMILY = "1,2";
			};
			name = Debug;
		};
		8A3110F22E8EA6870040EE50 /* Release */ = {
			isa = XCBuildConfiguration;
			baseConfigurationReference = 7785FB626DED4B49CD271D25 /* Pods-AroundEgypt.release.xcconfig */;
			buildSettings = {
				ASSETCATALOG_COMPILER_APPICON_NAME = AppIcon;
				ASSETCATALOG_COMPILER_GLOBAL_ACCENT_COLOR_NAME = AccentColor;
				CODE_SIGN_STYLE = Automatic;
				CURRENT_PROJECT_VERSION = 1;
				DEVELOPMENT_ASSET_PATHS = "\"AroundEgypt/Preview Content\"";
				DEVELOPMENT_TEAM = WPBS42K72A;
				ENABLE_PREVIEWS = YES;
				GENERATE_INFOPLIST_FILE = YES;
				INFOPLIST_FILE = AroundEgypt/Info.plist;
				INFOPLIST_KEY_UIApplicationSceneManifest_Generation = YES;
				INFOPLIST_KEY_UIApplicationSupportsIndirectInputEvents = YES;
				INFOPLIST_KEY_UILaunchScreen_Generation = YES;
				INFOPLIST_KEY_UISupportedInterfaceOrientations_iPad = "UIInterfaceOrientationPortrait UIInterfaceOrientationPortraitUpsideDown UIInterfaceOrientationLandscapeLeft UIInterfaceOrientationLandscapeRight";
				INFOPLIST_KEY_UISupportedInterfaceOrientations_iPhone = "UIInterfaceOrientationPortrait UIInterfaceOrientationLandscapeLeft UIInterfaceOrientationLandscapeRight";
				LD_RUNPATH_SEARCH_PATHS = (
					"$(inherited)",
					"@executable_path/Frameworks",
				);
				MARKETING_VERSION = 1.0;
				PRODUCT_BUNDLE_IDENTIFIER = com.app.AroundEgypt;
				PRODUCT_NAME = "$(TARGET_NAME)";
				SWIFT_EMIT_LOC_STRINGS = YES;
				SWIFT_VERSION = 5.0;
				TARGETED_DEVICE_FAMILY = "1,2";
			};
			name = Release;
		};
		8A3110F42E8EA6870040EE50 /* Debug */ = {
			isa = XCBuildConfiguration;
			baseConfigurationReference = A4E2B053A52A755835480123 /* Pods-AroundEgyptTests.debug.xcconfig */;
			buildSettings = {
				BUNDLE_LOADER = "$(TEST_HOST)";
				CODE_SIGN_STYLE = Automatic;
				CURRENT_PROJECT_VERSION = 1;
				DEVELOPMENT_TEAM = WPBS42K72A;
				GENERATE_INFOPLIST_FILE = YES;
				IPHONEOS_DEPLOYMENT_TARGET = 18.1;
				MARKETING_VERSION = 1.0;
				PRODUCT_BUNDLE_IDENTIFIER = com.app.AroundEgyptTests;
				PRODUCT_NAME = "$(TARGET_NAME)";
				SWIFT_EMIT_LOC_STRINGS = NO;
				SWIFT_VERSION = 5.0;
				TARGETED_DEVICE_FAMILY = "1,2";
				TEST_HOST = "$(BUILT_PRODUCTS_DIR)/AroundEgypt.app/$(BUNDLE_EXECUTABLE_FOLDER_PATH)/AroundEgypt";
			};
			name = Debug;
		};
		8A3110F52E8EA6870040EE50 /* Release */ = {
			isa = XCBuildConfiguration;
			baseConfigurationReference = CD1CB325A26F841FE07908F4 /* Pods-AroundEgyptTests.release.xcconfig */;
			buildSettings = {
				BUNDLE_LOADER = "$(TEST_HOST)";
				CODE_SIGN_STYLE = Automatic;
				CURRENT_PROJECT_VERSION = 1;
				DEVELOPMENT_TEAM = WPBS42K72A;
				GENERATE_INFOPLIST_FILE = YES;
				IPHONEOS_DEPLOYMENT_TARGET = 18.1;
				MARKETING_VERSION = 1.0;
				PRODUCT_BUNDLE_IDENTIFIER = com.app.AroundEgyptTests;
				PRODUCT_NAME = "$(TARGET_NAME)";
				SWIFT_EMIT_LOC_STRINGS = NO;
				SWIFT_VERSION = 5.0;
				TARGETED_DEVICE_FAMILY = "1,2";
				TEST_HOST = "$(BUILT_PRODUCTS_DIR)/AroundEgypt.app/$(BUNDLE_EXECUTABLE_FOLDER_PATH)/AroundEgypt";
			};
			name = Release;
		};
		8A3110F72E8EA6870040EE50 /* Debug */ = {
			isa = XCBuildConfiguration;
			baseConfigurationReference = 679BCF9D1DBA69F1B751E8C0 /* Pods-AroundEgypt-AroundEgyptUITests.debug.xcconfig */;
			buildSettings = {
				CODE_SIGN_STYLE = Automatic;
				CURRENT_PROJECT_VERSION = 1;
				DEVELOPMENT_TEAM = WPBS42K72A;
				GENERATE_INFOPLIST_FILE = YES;
				MARKETING_VERSION = 1.0;
				PRODUCT_BUNDLE_IDENTIFIER = com.app.AroundEgyptUITests;
				PRODUCT_NAME = "$(TARGET_NAME)";
				SWIFT_EMIT_LOC_STRINGS = NO;
				SWIFT_VERSION = 5.0;
				TARGETED_DEVICE_FAMILY = "1,2";
				TEST_TARGET_NAME = AroundEgypt;
			};
			name = Debug;
		};
		8A3110F82E8EA6870040EE50 /* Release */ = {
			isa = XCBuildConfiguration;
			baseConfigurationReference = 8E0F9227C3EE68F3B6C1F30B /* Pods-AroundEgypt-AroundEgyptUITests.release.xcconfig */;
			buildSettings = {
				CODE_SIGN_STYLE = Automatic;
				CURRENT_PROJECT_VERSION = 1;
				DEVELOPMENT_TEAM = WPBS42K72A;
				GENERATE_INFOPLIST_FILE = YES;
				MARKETING_VERSION = 1.0;
				PRODUCT_BUNDLE_IDENTIFIER = com.app.AroundEgyptUITests;
				PRODUCT_NAME = "$(TARGET_NAME)";
				SWIFT_EMIT_LOC_STRINGS = NO;
				SWIFT_VERSION = 5.0;
				TARGETED_DEVICE_FAMILY = "1,2";
				TEST_TARGET_NAME = AroundEgypt;
			};
			name = Release;
		};
/* End XCBuildConfiguration section */

/* Begin XCConfigurationList section */
		8A3110C72E8EA6850040EE50 /* Build configuration list for PBXProject "AroundEgypt" */ = {
			isa = XCConfigurationList;
			buildConfigurations = (
				8A3110EE2E8EA6870040EE50 /* Debug */,
				8A3110EF2E8EA6870040EE50 /* Release */,
			);
			defaultConfigurationIsVisible = 0;
			defaultConfigurationName = Release;
		};
		8A3110F02E8EA6870040EE50 /* Build configuration list for PBXNativeTarget "AroundEgypt" */ = {
			isa = XCConfigurationList;
			buildConfigurations = (
				8A3110F12E8EA6870040EE50 /* Debug */,
				8A3110F22E8EA6870040EE50 /* Release */,
			);
			defaultConfigurationIsVisible = 0;
			defaultConfigurationName = Release;
		};
		8A3110F32E8EA6870040EE50 /* Build configuration list for PBXNativeTarget "AroundEgyptTests" */ = {
			isa = XCConfigurationList;
			buildConfigurations = (
				8A3110F42E8EA6870040EE50 /* Debug */,
				8A3110F52E8EA6870040EE50 /* Release */,
			);
			defaultConfigurationIsVisible = 0;
			defaultConfigurationName = Release;
		};
		8A3110F62E8EA6870040EE50 /* Build configuration list for PBXNativeTarget "AroundEgyptUITests" */ = {
			isa = XCConfigurationList;
			buildConfigurations = (
				8A3110F72E8EA6870040EE50 /* Debug */,
				8A3110F82E8EA6870040EE50 /* Release */,
			);
			defaultConfigurationIsVisible = 0;
			defaultConfigurationName = Release;
		};
/* End XCConfigurationList section */
	};
	rootObject = 8A3110C42E8EA6850040EE50 /* Project object */;
}
